
Microsoft Visual Studio Solution File, Format Version 12.00
Project("{FAE04EC0-301F-11D3-BF4B-00C04F79EFBC}") = "AviatoDDD.Api", "AviatoDDD.Api\AviatoDDD.Api.csproj", "{1E0B837E-B9AE-49ED-9162-CCDAD55F66FF}"
EndProject
Project("{FAE04EC0-301F-11D3-BF4B-00C04F79EFBC}") = "AviatoDDD.Core", "AviatoDDD.Core\AviatoDDD.Core.csproj", "{2520497D-042F-4784-8E80-CBCD00CE6AB4}"
EndProject
Project("{FAE04EC0-301F-11D3-BF4B-00C04F79EFBC}") = "AviatoDDD.Infrastructure", "AviatoDDD.Infrastructure\AviatoDDD.Infrastructure.csproj", "{195C475A-95C0-46C3-AC2C-FEAFD3A349FB}"
EndProject
Global
	GlobalSection(SolutionConfigurationPlatforms) = preSolution
		Debug|Any CPU = Debug|Any CPU
		Release|Any CPU = Release|Any CPU
	EndGlobalSection
	GlobalSection(ProjectConfigurationPlatforms) = postSolution
		{1E0B837E-B9AE-49ED-9162-CCDAD55F66FF}.Debug|Any CPU.ActiveCfg = Debug|Any CPU
		{1E0B837E-B9AE-49ED-9162-CCDAD55F66FF}.Debug|Any CPU.Build.0 = Debug|Any CPU
		{1E0B837E-B9AE-49ED-9162-CCDAD55F66FF}.Release|Any CPU.ActiveCfg = Release|Any CPU
		{1E0B837E-B9AE-49ED-9162-CCDAD55F66FF}.Release|Any CPU.Build.0 = Release|Any CPU
		{2520497D-042F-4784-8E80-CBCD00CE6AB4}.Debug|Any CPU.ActiveCfg = Debug|Any CPU
		{2520497D-042F-4784-8E80-CBCD00CE6AB4}.Debug|Any CPU.Build.0 = Debug|Any CPU
		{2520497D-042F-4784-8E80-CBCD00CE6AB4}.Release|Any CPU.ActiveCfg = Release|Any CPU
		{2520497D-042F-4784-8E80-CBCD00CE6AB4}.Release|Any CPU.Build.0 = Release|Any CPU
		{195C475A-95C0-46C3-AC2C-FEAFD3A349FB}.Debug|Any CPU.ActiveCfg = Debug|Any CPU
		{195C475A-95C0-46C3-AC2C-FEAFD3A349FB}.Debug|Any CPU.Build.0 = Debug|Any CPU
		{195C475A-95C0-46C3-AC2C-FEAFD3A349FB}.Release|Any CPU.ActiveCfg = Release|Any CPU
		{195C475A-95C0-46C3-AC2C-FEAFD3A349FB}.Release|Any CPU.Build.0 = Release|Any CPU
	EndGlobalSection
EndGlobal
